{
  "name": "agentpass",
  "version": "0.7.0",
  "lockfileVersion": 3,
  "requires": true,
  "packages": {
    "": {
      "name": "agentpass",
      "version": "0.7.0",
      "license": "MIT",
      "bin": {
        "agentpass": "bin/agentpass.mjs",
        "agentpass-git-sign": "bin/agentpass-git-sign.mjs",
        "agentpass-pre-push": "bin/agentpass-pre-push.mjs",
        "agentpassd": "bin/agentpassd.mjs"
      },
      "engines": {
        "node": ">=20"
      }
    }
  }
}
